
Microsoft Visual Studio Solution File, Format Version 12.00
# Visual Studio 14
VisualStudioVersion = 14.0.25420.1
MinimumVisualStudioVersion = 10.0.40219.1
Project("{FAE04EC0-301F-11D3-BF4B-00C04F79EFBC}") = "orderManage", "orderManage\orderManage.csproj", "{40397A75-853B-412D-83BE-8E6E395403D4}"
EndProject
Project("{FAE04EC0-301F-11D3-BF4B-00C04F79EFBC}") = "OrderServerTest", "OrderServerTest\OrderServerTest.csproj", "{3D46FC02-042E-4AC7-824C-6C11455E450B}"
EndProject
Project("{FAE04EC0-301F-11D3-BF4B-00C04F79EFBC}") = "WinForm", "WinForm\WinForm.csproj", "{94BA8D0E-E40B-4D7A-B14B-D599F93C0028}"
EndProject
Global
	GlobalSection(SolutionConfigurationPlatforms) = preSolution
		Debug|Any CPU = Debug|Any CPU
		Release|Any CPU = Release|Any CPU
	EndGlobalSection
	GlobalSection(ProjectConfigurationPlatforms) = postSolution
		{40397A75-853B-412D-83BE-8E6E395403D4}.Debug|Any CPU.ActiveCfg = Debug|Any CPU
		{40397A75-853B-412D-83BE-8E6E395403D4}.Debug|Any CPU.Build.0 = Debug|Any CPU
		{40397A75-853B-412D-83BE-8E6E395403D4}.Release|Any CPU.ActiveCfg = Release|Any CPU
		{40397A75-853B-412D-83BE-8E6E395403D4}.Release|Any CPU.Build.0 = Release|Any CPU
		{3D46FC02-042E-4AC7-824C-6C11455E450B}.Debug|Any CPU.ActiveCfg = Debug|Any CPU
		{3D46FC02-042E-4AC7-824C-6C11455E450B}.Debug|Any CPU.Build.0 = Debug|Any CPU
		{3D46FC02-042E-4AC7-824C-6C11455E450B}.Release|Any CPU.ActiveCfg = Release|Any CPU
		{3D46FC02-042E-4AC7-824C-6C11455E450B}.Release|Any CPU.Build.0 = Release|Any CPU
		{94BA8D0E-E40B-4D7A-B14B-D599F93C0028}.Debug|Any CPU.ActiveCfg = Debug|Any CPU
		{94BA8D0E-E40B-4D7A-B14B-D599F93C0028}.Debug|Any CPU.Build.0 = Debug|Any CPU
		{94BA8D0E-E40B-4D7A-B14B-D599F93C0028}.Release|Any CPU.ActiveCfg = Release|Any CPU
		{94BA8D0E-E40B-4D7A-B14B-D599F93C0028}.Release|Any CPU.Build.0 = Release|Any CPU
	EndGlobalSection
	GlobalSection(SolutionProperties) = preSolution
		HideSolutionNode = FALSE
	EndGlobalSection
EndGlobal
